
Microsoft Visual Studio Solution File, Format Version 12.00
Project("{FAE04EC0-301F-11D3-BF4B-00C04F79EFBC}") = "LoggingTest", "LoggingTest\LoggingTest.csproj", "{71FBCFF8-13B5-4FB0-82FB-5B9F770B33A2}"
EndProject
Project("{FAE04EC0-301F-11D3-BF4B-00C04F79EFBC}") = "LoggerLib", "LoggerLib\LoggerLib.csproj", "{415113BE-2DED-49FC-ACE0-2FF48794089E}"
EndProject
Global
	GlobalSection(SolutionConfigurationPlatforms) = preSolution
		Debug|Any CPU = Debug|Any CPU
		Release|Any CPU = Release|Any CPU
	EndGlobalSection
	GlobalSection(ProjectConfigurationPlatforms) = postSolution
		{71FBCFF8-13B5-4FB0-82FB-5B9F770B33A2}.Debug|Any CPU.ActiveCfg = Debug|Any CPU
		{71FBCFF8-13B5-4FB0-82FB-5B9F770B33A2}.Debug|Any CPU.Build.0 = Debug|Any CPU
		{71FBCFF8-13B5-4FB0-82FB-5B9F770B33A2}.Release|Any CPU.ActiveCfg = Release|Any CPU
		{71FBCFF8-13B5-4FB0-82FB-5B9F770B33A2}.Release|Any CPU.Build.0 = Release|Any CPU
		{415113BE-2DED-49FC-ACE0-2FF48794089E}.Debug|Any CPU.ActiveCfg = Debug|Any CPU
		{415113BE-2DED-49FC-ACE0-2FF48794089E}.Debug|Any CPU.Build.0 = Debug|Any CPU
		{415113BE-2DED-49FC-ACE0-2FF48794089E}.Release|Any CPU.ActiveCfg = Release|Any CPU
		{415113BE-2DED-49FC-ACE0-2FF48794089E}.Release|Any CPU.Build.0 = Release|Any CPU
	EndGlobalSection
EndGlobal
